
Microsoft Visual Studio Solution File, Format Version 12.00
# Visual Studio Version 16
VisualStudioVersion = 16.0.31205.134
MinimumVisualStudioVersion = 10.0.40219.1
Project("{FAE04EC0-301F-11D3-BF4B-00C04F79EFBC}") = "KMSApi", "KMSApi\KMSApi.csproj", "{542372B7-AB37-4E31-9BC2-A62E184BB758}"
EndProject
Global
	GlobalSection(SolutionConfigurationPlatforms) = preSolution
		Debug|Any CPU = Debug|Any CPU
		Release|Any CPU = Release|Any CPU
	EndGlobalSection
	GlobalSection(ProjectConfigurationPlatforms) = postSolution
		{542372B7-AB37-4E31-9BC2-A62E184BB758}.Debug|Any CPU.ActiveCfg = Debug|Any CPU
		{542372B7-AB37-4E31-9BC2-A62E184BB758}.Debug|Any CPU.Build.0 = Debug|Any CPU
		{542372B7-AB37-4E31-9BC2-A62E184BB758}.Release|Any CPU.ActiveCfg = Release|Any CPU
		{542372B7-AB37-4E31-9BC2-A62E184BB758}.Release|Any CPU.Build.0 = Release|Any CPU
	EndGlobalSection
	GlobalSection(SolutionProperties) = preSolution
		HideSolutionNode = FALSE
	EndGlobalSection
	GlobalSection(ExtensibilityGlobals) = postSolution
		SolutionGuid = {D487634C-6261-4A14-8DEE-5A2667A83996}
	EndGlobalSection
EndGlobal
